
Microsoft Visual Studio Solution File, Format Version 12.00
# Visual Studio Version 16
VisualStudioVersion = 16.0.31702.278
MinimumVisualStudioVersion = 10.0.40219.1
Project("{FAE04EC0-301F-11D3-BF4B-00C04F79EFBC}") = "HelloWorldObf", "HelloWorldObf\HelloWorldObf.csproj", "{F6736D97-2C80-449E-9A7F-2FB36A1B016F}"
EndProject
Global
	GlobalSection(SolutionConfigurationPlatforms) = preSolution
		Debug|Any CPU = Debug|Any CPU
		Release|Any CPU = Release|Any CPU
	EndGlobalSection
	GlobalSection(ProjectConfigurationPlatforms) = postSolution
		{F6736D97-2C80-449E-9A7F-2FB36A1B016F}.Debug|Any CPU.ActiveCfg = Debug|Any CPU
		{F6736D97-2C80-449E-9A7F-2FB36A1B016F}.Debug|Any CPU.Build.0 = Debug|Any CPU
		{F6736D97-2C80-449E-9A7F-2FB36A1B016F}.Release|Any CPU.ActiveCfg = Release|Any CPU
		{F6736D97-2C80-449E-9A7F-2FB36A1B016F}.Release|Any CPU.Build.0 = Release|Any CPU
	EndGlobalSection
	GlobalSection(SolutionProperties) = preSolution
		HideSolutionNode = FALSE
	EndGlobalSection
	GlobalSection(ExtensibilityGlobals) = postSolution
		SolutionGuid = {6F55A871-182E-46C9-BA79-FD3397B34BAE}
	EndGlobalSection
EndGlobal
